
Microsoft Visual Studio Solution File, Format Version 12.00
# Visual Studio Version 16
VisualStudioVersion = 16.0.30204.135
MinimumVisualStudioVersion = 10.0.40219.1
Project("{FAE04EC0-301F-11D3-BF4B-00C04F79EFBC}") = "SehirRehberi.API", "SehirRehberi.API\SehirRehberi.API.csproj", "{1F624B41-6BD3-4BCB-BC4F-9A5172864370}"
EndProject
Global
	GlobalSection(SolutionConfigurationPlatforms) = preSolution
		Debug|Any CPU = Debug|Any CPU
		Release|Any CPU = Release|Any CPU
	EndGlobalSection
	GlobalSection(ProjectConfigurationPlatforms) = postSolution
		{1F624B41-6BD3-4BCB-BC4F-9A5172864370}.Debug|Any CPU.ActiveCfg = Debug|Any CPU
		{1F624B41-6BD3-4BCB-BC4F-9A5172864370}.Debug|Any CPU.Build.0 = Debug|Any CPU
		{1F624B41-6BD3-4BCB-BC4F-9A5172864370}.Release|Any CPU.ActiveCfg = Release|Any CPU
		{1F624B41-6BD3-4BCB-BC4F-9A5172864370}.Release|Any CPU.Build.0 = Release|Any CPU
	EndGlobalSection
	GlobalSection(SolutionProperties) = preSolution
		HideSolutionNode = FALSE
	EndGlobalSection
	GlobalSection(ExtensibilityGlobals) = postSolution
		SolutionGuid = {A26F467D-2F06-4B39-8044-D5875EA0BD40}
	EndGlobalSection
EndGlobal
